<?xml version="1.0" encoding="utf-8"?>
<Project ToolsVersion="4.0" xmlns="http://schemas.microsoft.com/developer/msbuild/2003">
  <ItemGroup>
    <ClCompile Include="GameTest.cpp" />
    <ClCompile Include="App\app.cpp">
      <Filter>API</Filter>
    </ClCompile>
    <ClCompile Include="App\main.cpp">
      <Filter>API</Filter>
    </ClCompile>
    <ClCompile Include="stdafx.cpp">
      <Filter>API</Filter>
    </ClCompile>
    <ClCompile Include="App\SimpleSprite.cpp">
      <Filter>API</Filter>
    </ClCompile>
    <ClCompile Include="App\SimpleSound.cpp">
      <Filter>API</Filter>
    </ClCompile>
    <ClCompile Include="App\SimpleController.cpp">
      <Filter>API</Filter>
    </ClCompile>
    <ClCompile Include="App\TextureLoader.cpp">
      <Filter>API</Filter>
    </ClCompile>
    <ClCompile Include="Map.cpp">
      <Filter>Source Files</Filter>
    </ClCompile>
    <ClCompile Include="Scoreboard.cpp">
      <Filter>Source Files</Filter>
    </ClCompile>
    <ClCompile Include="TowerEntity.cpp">
      <Filter>Source Files\Towers</Filter>
    </ClCompile>
    <ClCompile Include="SpriteEntity.cpp">
      <Filter>Source Files\Entities</Filter>
    </ClCompile>
    <ClCompile Include="CanonTower.cpp">
      <Filter>Source Files\Towers</Filter>
    </ClCompile>
    <ClCompile Include="Player.cpp">
      <Filter>Source Files\Entities</Filter>
    </ClCompile>
    <ClCompile Include="PlayScreen.cpp">
      <Filter>Source Files\Screens</Filter>
    </ClCompile>
    <ClCompile Include="Bullet.cpp">
      <Filter>Source Files\Entities</Filter>
    </ClCompile>
    <ClCompile Include="Timer.cpp">
      <Filter>Source Files\Manager</Filter>
    </ClCompile>
    <ClCompile Include="GameEntity.cpp">
      <Filter>Source Files\Entities</Filter>
    </ClCompile>
    <ClCompile Include="MathHelper.cpp">
      <Filter>Source Files</Filter>
    </ClCompile>
    <ClCompile Include="PlaySideBar.cpp">
      <Filter>Source Files\Screens</Filter>
    </ClCompile>
    <ClCompile Include="ScreenManager.cpp">
      <Filter>Source Files\Manager</Filter>
    </ClCompile>
    <ClCompile Include="GameManager.cpp">
      <Filter>Source Files\Manager</Filter>
    </ClCompile>
    <ClCompile Include="StartScreen.cpp">
      <Filter>Source Files\Screens</Filter>
    </ClCompile>
    <ClCompile Include="RocketTower.cpp">
      <Filter>Source Files\Towers</Filter>
    </ClCompile>
    <ClCompile Include="EasyEnemy.cpp">
      <Filter>Source Files\Enemy</Filter>
    </ClCompile>
    <ClCompile Include="Enemy.cpp">
      <Filter>Source Files\Enemy</Filter>
    </ClCompile>
    <ClCompile Include="MediumEnemy.cpp">
      <Filter>Source Files\Enemy</Filter>
    </ClCompile>
    <ClCompile Include="HardEnemy.cpp">
      <Filter>Source Files\Enemy</Filter>
    </ClCompile>
    <ClCompile Include="Level.cpp">
      <Filter>Source Files\Manager</Filter>
    </ClCompile>
  </ItemGroup>
  <ItemGroup>
    <ClInclude Include="App\app.h">
      <Filter>API</Filter>
    </ClInclude>
    <ClInclude Include="App\AppSettings.h">
      <Filter>API</Filter>
    </ClInclude>
    <ClInclude Include="App\main.h">
      <Filter>API</Filter>
    </ClInclude>
    <ClInclude Include="targetver.h">
      <Filter>API</Filter>
    </ClInclude>
    <ClInclude Include="stdafx.h">
      <Filter>API</Filter>
    </ClInclude>
    <ClInclude Include="App\SimpleSprite.h">
      <Filter>API</Filter>
    </ClInclude>
    <ClInclude Include="App\SimpleSound.h">
      <Filter>API</Filter>
    </ClInclude>
    <ClInclude Include="App\SimpleController.h">
      <Filter>API</Filter>
    </ClInclude>
    <ClInclude Include="App\TextureLoader.h">
      <Filter>API</Filter>
    </ClInclude>
    <ClInclude Include="Scoreboard.h">
      <Filter>Header Files</Filter>
    </ClInclude>
    <ClInclude Include="EasyEnemy.h">
      <Filter>Header Files\Enemy</Filter>
    </ClInclude>
    <ClInclude Include="HardEnemy.h">
      <Filter>Header Files\Enemy</Filter>
    </ClInclude>
    <ClInclude Include="MediumEnemy.h">
      <Filter>Header Files\Enemy</Filter>
    </ClInclude>
    <ClInclude Include="Bullet.h">
      <Filter>Header Files\Entities</Filter>
    </ClInclude>
    <ClInclude Include="CanonTower.h">
      <Filter>Header Files\Towers</Filter>
    </ClInclude>
    <ClInclude Include="SpriteEntity.h">
      <Filter>Header Files\Entities</Filter>
    </ClInclude>
    <ClInclude Include="RocketTower.h">
      <Filter>Header Files\Towers</Filter>
    </ClInclude>
    <ClInclude Include="Player.h">
      <Filter>Header Files\Entities</Filter>
    </ClInclude>
    <ClInclude Include="PlayScreen.h">
      <Filter>Header Files\Screens</Filter>
    </ClInclude>
    <ClInclude Include="StartScreen.h">
      <Filter>Header Files\Screens</Filter>
    </ClInclude>
    <ClInclude Include="PlaySidebar.h">
      <Filter>Header Files\Screens</Filter>
    </ClInclude>
    <ClInclude Include="Timer.h">
      <Filter>Header Files\Managers</Filter>
    </ClInclude>
    <ClInclude Include="GameEntity.h">
      <Filter>Header Files\Entities</Filter>
    </ClInclude>
    <ClInclude Include="MathHelper.h">
      <Filter>Header Files</Filter>
    </ClInclude>
    <ClInclude Include="Tile.h">
      <Filter>Header Files\Entities</Filter>
    </ClInclude>
    <ClInclude Include="Map.h">
      <Filter>Header Files\Entities</Filter>
    </ClInclude>
    <ClInclude Include="TowerEntity.h">
      <Filter>Header Files\Towers</Filter>
    </ClInclude>
    <ClInclude Include="Enemy.h">
      <Filter>Header Files\Enemy</Filter>
    </ClInclude>
    <ClInclude Include="GameManager.h">
      <Filter>Header Files\Managers</Filter>
    </ClInclude>
    <ClInclude Include="ScreenManager.h">
      <Filter>Header Files\Managers</Filter>
    </ClInclude>
    <ClInclude Include="Level.h">
      <Filter>Header Files\Managers</Filter>
    </ClInclude>
  </ItemGroup>
  <ItemGroup>
    <Text Include="ReadMe.txt" />
  </ItemGroup>
  <ItemGroup>
    <Filter Include="API">
      <UniqueIdentifier>{3e1485bf-3449-4966-8760-976ee866544b}</UniqueIdentifier>
    </Filter>
    <Filter Include="Header Files">
      <UniqueIdentifier>{117724d2-95ae-4a91-9e52-48a22d8600de}</UniqueIdentifier>
    </Filter>
    <Filter Include="Source Files">
      <UniqueIdentifier>{5adb6567-748b-43c5-b84f-9e07553ddb96}</UniqueIdentifier>
    </Filter>
    <Filter Include="Header Files\Enemy">
      <UniqueIdentifier>{3bf17b16-b54a-429c-90b3-0f35f0b1dc42}</UniqueIdentifier>
    </Filter>
    <Filter Include="Header Files\Entities">
      <UniqueIdentifier>{cd81bbf3-8915-4223-9afc-2eeec5d0fcda}</UniqueIdentifier>
    </Filter>
    <Filter Include="Header Files\Towers">
      <UniqueIdentifier>{3aee0dc8-857c-459d-aaee-07619950cbc9}</UniqueIdentifier>
    </Filter>
    <Filter Include="Header Files\Screens">
      <UniqueIdentifier>{574c479d-b3fb-45c3-aaa1-cf5a0e435885}</UniqueIdentifier>
    </Filter>
    <Filter Include="Source Files\Towers">
      <UniqueIdentifier>{42ab48d7-230f-4be4-aec4-d1f407690552}</UniqueIdentifier>
    </Filter>
    <Filter Include="Source Files\Entities">
      <UniqueIdentifier>{e952e007-0082-4fdb-bbe1-480faa25cecb}</UniqueIdentifier>
    </Filter>
    <Filter Include="Source Files\Screens">
      <UniqueIdentifier>{50367739-9442-42e9-9a59-f05f3153629a}</UniqueIdentifier>
    </Filter>
    <Filter Include="Header Files\Managers">
      <UniqueIdentifier>{9598650d-7404-4345-98e1-efcb2bc9af88}</UniqueIdentifier>
    </Filter>
    <Filter Include="Source Files\Manager">
      <UniqueIdentifier>{5a3f387f-3190-4739-9a45-a06cba04e380}</UniqueIdentifier>
    </Filter>
    <Filter Include="Source Files\Enemy">
      <UniqueIdentifier>{5334303e-11e1-414b-a07c-e7d24c70dc0b}</UniqueIdentifier>
    </Filter>
  </ItemGroup>
</Project>